
Microsoft Visual Studio Solution File, Format Version 12.00
# Visual Studio Version 17
VisualStudioVersion = 17.0.31903.59
MinimumVisualStudioVersion = 10.0.40219.1
Project("{FAE04EC0-301F-11D3-BF4B-00C04F79EFBC}") = "namegenerator", "namegenerator\namegenerator.csproj", "{B6B72194-03DE-4DD2-9BEE-9DA67B0A4D8E}"
EndProject
Global
	GlobalSection(SolutionConfigurationPlatforms) = preSolution
		Debug|Any CPU = Debug|Any CPU
		Release|Any CPU = Release|Any CPU
	EndGlobalSection
	GlobalSection(ProjectConfigurationPlatforms) = postSolution
		{B6B72194-03DE-4DD2-9BEE-9DA67B0A4D8E}.Debug|Any CPU.ActiveCfg = Debug|Any CPU
		{B6B72194-03DE-4DD2-9BEE-9DA67B0A4D8E}.Debug|Any CPU.Build.0 = Debug|Any CPU
		{B6B72194-03DE-4DD2-9BEE-9DA67B0A4D8E}.Release|Any CPU.ActiveCfg = Release|Any CPU
		{B6B72194-03DE-4DD2-9BEE-9DA67B0A4D8E}.Release|Any CPU.Build.0 = Release|Any CPU
	EndGlobalSection
	GlobalSection(SolutionProperties) = preSolution
		HideSolutionNode = FALSE
	EndGlobalSection
	GlobalSection(ExtensibilityGlobals) = postSolution
		SolutionGuid = {EB70A44F-AB1A-4019-A38D-E2ADB50663E6}
	EndGlobalSection
EndGlobal
